
Microsoft Visual Studio Solution File, Format Version 12.00
# Visual Studio Version 17
VisualStudioVersion = 17.8.34511.84
MinimumVisualStudioVersion = 10.0.40219.1
Project("{54A90642-561A-4BB1-A94E-469ADEE60C69}") = "starterDex.UI", "Dex\starterdex.client\starterDex.UI.esproj", "{CE35F4CE-B454-4A32-B4CB-469999B67472}"
EndProject
Project("{2150E333-8FDC-42A3-9474-1A3956D46DE8}") = "Gateway", "Gateway", "{39316AD7-5DAF-494E-93A5-923FFD051BAF}"
EndProject
Project("{2150E333-8FDC-42A3-9474-1A3956D46DE8}") = "Authentication", "Authentication", "{D17DDCB7-165A-4442-A80F-27B136A64AEE}"
EndProject
Project("{9A19103F-16F7-4668-BE54-9A1E7A4F7556}") = "StarterDex.Api", "Dex\StarterDex.Api\StarterDex.Api.csproj", "{3014A94C-5356-4F80-97AD-A0F6DF23DD2E}"
EndProject
Project("{9A19103F-16F7-4668-BE54-9A1E7A4F7556}") = "AK.IdentityServer", "Authentication\AK.IdentityServer.csproj", "{2BE81076-281A-44B0-B015-57EE57B22992}"
EndProject
Project("{9A19103F-16F7-4668-BE54-9A1E7A4F7556}") = "AK.Gateway", "Gateway\AK.Gateway.csproj", "{F6D85D62-D798-44F2-A0CB-ED95332196DD}"
EndProject
Project("{2150E333-8FDC-42A3-9474-1A3956D46DE8}") = "Bus", "Bus", "{7C879A4C-5682-44F7-8432-D7CC17F25297}"
EndProject
Project("{9A19103F-16F7-4668-BE54-9A1E7A4F7556}") = "StarterDex.Domain", "Dex\StarterDex.Domain\StarterDex.Domain.csproj", "{EEDE20BE-1E5B-4656-B51F-6AE9AE34FA93}"
EndProject
Project("{2150E333-8FDC-42A3-9474-1A3956D46DE8}") = "Dex", "Dex", "{DD667E3E-1BE0-494D-A26E-C346814E2DBF}"
EndProject
Project("{2150E333-8FDC-42A3-9474-1A3956D46DE8}") = "Client", "Client", "{FF95D911-E3C0-4F82-959D-78F0A96B705E}"
EndProject
Project("{2150E333-8FDC-42A3-9474-1A3956D46DE8}") = "Server", "Server", "{487ACAB4-7A7D-4ECB-A6D1-7B6086D1D059}"
EndProject
Project("{2150E333-8FDC-42A3-9474-1A3956D46DE8}") = "Common", "Common", "{738452F4-BD28-498A-B921-EB0AAE2187F8}"
EndProject
Project("{9A19103F-16F7-4668-BE54-9A1E7A4F7556}") = "AK.Common", "Common\AK.Common.csproj", "{B7F5E22A-60EA-48D9-BC31-786F2F8F4B22}"
EndProject
Project("{9A19103F-16F7-4668-BE54-9A1E7A4F7556}") = "StarterDex.Infrastructure", "Dex\StarterDex.Infrastructure\StarterDex.Infrastructure.csproj", "{6D430C2F-C79B-490D-AC15-446FB4167C3B}"
EndProject
Project("{9A19103F-16F7-4668-BE54-9A1E7A4F7556}") = "StarterDex.Application", "Dex\StarterDex.Application\StarterDex.Application.csproj", "{044D209D-1036-4531-A540-07F24A76C34F}"
EndProject
Project("{2150E333-8FDC-42A3-9474-1A3956D46DE8}") = "MessageBroker", "MessageBroker", "{5174B873-EE96-4A76-A402-84F8534E2A00}"
EndProject
Project("{9A19103F-16F7-4668-BE54-9A1E7A4F7556}") = "AK.MessageBrokerClient", "MessageBroker\AK.MessageBrokerClient\AK.MessageBrokerClient.csproj", "{BDC23D94-B8DD-488F-B834-40D53CB9A2B4}"
EndProject
Project("{9A19103F-16F7-4668-BE54-9A1E7A4F7556}") = "AK.MessageBrokerAPI", "MessageBroker\AK.MessageBrokerAPI\AK.MessageBrokerAPI.csproj", "{F9907173-8CA2-4758-B450-D07CECA351B4}"
EndProject
Global
	GlobalSection(SolutionConfigurationPlatforms) = preSolution
		Debug|Any CPU = Debug|Any CPU
		Release|Any CPU = Release|Any CPU
	EndGlobalSection
	GlobalSection(ProjectConfigurationPlatforms) = postSolution
		{CE35F4CE-B454-4A32-B4CB-469999B67472}.Debug|Any CPU.ActiveCfg = Debug|Any CPU
		{CE35F4CE-B454-4A32-B4CB-469999B67472}.Debug|Any CPU.Build.0 = Debug|Any CPU
		{CE35F4CE-B454-4A32-B4CB-469999B67472}.Debug|Any CPU.Deploy.0 = Debug|Any CPU
		{CE35F4CE-B454-4A32-B4CB-469999B67472}.Release|Any CPU.ActiveCfg = Release|Any CPU
		{CE35F4CE-B454-4A32-B4CB-469999B67472}.Release|Any CPU.Build.0 = Release|Any CPU
		{CE35F4CE-B454-4A32-B4CB-469999B67472}.Release|Any CPU.Deploy.0 = Release|Any CPU
		{3014A94C-5356-4F80-97AD-A0F6DF23DD2E}.Debug|Any CPU.ActiveCfg = Debug|Any CPU
		{3014A94C-5356-4F80-97AD-A0F6DF23DD2E}.Debug|Any CPU.Build.0 = Debug|Any CPU
		{3014A94C-5356-4F80-97AD-A0F6DF23DD2E}.Release|Any CPU.ActiveCfg = Release|Any CPU
		{3014A94C-5356-4F80-97AD-A0F6DF23DD2E}.Release|Any CPU.Build.0 = Release|Any CPU
		{2BE81076-281A-44B0-B015-57EE57B22992}.Debug|Any CPU.ActiveCfg = Debug|Any CPU
		{2BE81076-281A-44B0-B015-57EE57B22992}.Debug|Any CPU.Build.0 = Debug|Any CPU
		{2BE81076-281A-44B0-B015-57EE57B22992}.Release|Any CPU.ActiveCfg = Release|Any CPU
		{2BE81076-281A-44B0-B015-57EE57B22992}.Release|Any CPU.Build.0 = Release|Any CPU
		{F6D85D62-D798-44F2-A0CB-ED95332196DD}.Debug|Any CPU.ActiveCfg = Debug|Any CPU
		{F6D85D62-D798-44F2-A0CB-ED95332196DD}.Debug|Any CPU.Build.0 = Debug|Any CPU
		{F6D85D62-D798-44F2-A0CB-ED95332196DD}.Release|Any CPU.ActiveCfg = Release|Any CPU
		{F6D85D62-D798-44F2-A0CB-ED95332196DD}.Release|Any CPU.Build.0 = Release|Any CPU
		{EEDE20BE-1E5B-4656-B51F-6AE9AE34FA93}.Debug|Any CPU.ActiveCfg = Debug|Any CPU
		{EEDE20BE-1E5B-4656-B51F-6AE9AE34FA93}.Debug|Any CPU.Build.0 = Debug|Any CPU
		{EEDE20BE-1E5B-4656-B51F-6AE9AE34FA93}.Release|Any CPU.ActiveCfg = Release|Any CPU
		{EEDE20BE-1E5B-4656-B51F-6AE9AE34FA93}.Release|Any CPU.Build.0 = Release|Any CPU
		{B7F5E22A-60EA-48D9-BC31-786F2F8F4B22}.Debug|Any CPU.ActiveCfg = Debug|Any CPU
		{B7F5E22A-60EA-48D9-BC31-786F2F8F4B22}.Debug|Any CPU.Build.0 = Debug|Any CPU
		{B7F5E22A-60EA-48D9-BC31-786F2F8F4B22}.Release|Any CPU.ActiveCfg = Release|Any CPU
		{B7F5E22A-60EA-48D9-BC31-786F2F8F4B22}.Release|Any CPU.Build.0 = Release|Any CPU
		{6D430C2F-C79B-490D-AC15-446FB4167C3B}.Debug|Any CPU.ActiveCfg = Debug|Any CPU
		{6D430C2F-C79B-490D-AC15-446FB4167C3B}.Debug|Any CPU.Build.0 = Debug|Any CPU
		{6D430C2F-C79B-490D-AC15-446FB4167C3B}.Release|Any CPU.ActiveCfg = Release|Any CPU
		{6D430C2F-C79B-490D-AC15-446FB4167C3B}.Release|Any CPU.Build.0 = Release|Any CPU
		{044D209D-1036-4531-A540-07F24A76C34F}.Debug|Any CPU.ActiveCfg = Debug|Any CPU
		{044D209D-1036-4531-A540-07F24A76C34F}.Debug|Any CPU.Build.0 = Debug|Any CPU
		{044D209D-1036-4531-A540-07F24A76C34F}.Release|Any CPU.ActiveCfg = Release|Any CPU
		{044D209D-1036-4531-A540-07F24A76C34F}.Release|Any CPU.Build.0 = Release|Any CPU
		{BDC23D94-B8DD-488F-B834-40D53CB9A2B4}.Debug|Any CPU.ActiveCfg = Debug|Any CPU
		{BDC23D94-B8DD-488F-B834-40D53CB9A2B4}.Debug|Any CPU.Build.0 = Debug|Any CPU
		{BDC23D94-B8DD-488F-B834-40D53CB9A2B4}.Release|Any CPU.ActiveCfg = Release|Any CPU
		{BDC23D94-B8DD-488F-B834-40D53CB9A2B4}.Release|Any CPU.Build.0 = Release|Any CPU
		{F9907173-8CA2-4758-B450-D07CECA351B4}.Debug|Any CPU.ActiveCfg = Debug|Any CPU
		{F9907173-8CA2-4758-B450-D07CECA351B4}.Debug|Any CPU.Build.0 = Debug|Any CPU
		{F9907173-8CA2-4758-B450-D07CECA351B4}.Release|Any CPU.ActiveCfg = Release|Any CPU
		{F9907173-8CA2-4758-B450-D07CECA351B4}.Release|Any CPU.Build.0 = Release|Any CPU
	EndGlobalSection
	GlobalSection(SolutionProperties) = preSolution
		HideSolutionNode = FALSE
	EndGlobalSection
	GlobalSection(NestedProjects) = preSolution
		{CE35F4CE-B454-4A32-B4CB-469999B67472} = {FF95D911-E3C0-4F82-959D-78F0A96B705E}
		{3014A94C-5356-4F80-97AD-A0F6DF23DD2E} = {487ACAB4-7A7D-4ECB-A6D1-7B6086D1D059}
		{2BE81076-281A-44B0-B015-57EE57B22992} = {D17DDCB7-165A-4442-A80F-27B136A64AEE}
		{F6D85D62-D798-44F2-A0CB-ED95332196DD} = {39316AD7-5DAF-494E-93A5-923FFD051BAF}
		{EEDE20BE-1E5B-4656-B51F-6AE9AE34FA93} = {487ACAB4-7A7D-4ECB-A6D1-7B6086D1D059}
		{FF95D911-E3C0-4F82-959D-78F0A96B705E} = {DD667E3E-1BE0-494D-A26E-C346814E2DBF}
		{487ACAB4-7A7D-4ECB-A6D1-7B6086D1D059} = {DD667E3E-1BE0-494D-A26E-C346814E2DBF}
		{B7F5E22A-60EA-48D9-BC31-786F2F8F4B22} = {738452F4-BD28-498A-B921-EB0AAE2187F8}
		{6D430C2F-C79B-490D-AC15-446FB4167C3B} = {487ACAB4-7A7D-4ECB-A6D1-7B6086D1D059}
		{044D209D-1036-4531-A540-07F24A76C34F} = {487ACAB4-7A7D-4ECB-A6D1-7B6086D1D059}
		{BDC23D94-B8DD-488F-B834-40D53CB9A2B4} = {5174B873-EE96-4A76-A402-84F8534E2A00}
		{F9907173-8CA2-4758-B450-D07CECA351B4} = {5174B873-EE96-4A76-A402-84F8534E2A00}
	EndGlobalSection
	GlobalSection(ExtensibilityGlobals) = postSolution
		SolutionGuid = {0A34ED13-37E0-412B-B64D-3CCE8380562D}
	EndGlobalSection
EndGlobal
